
Microsoft Visual Studio Solution File, Format Version 12.00
# Visual Studio Version 16
VisualStudioVersion = 16.0.30717.126
MinimumVisualStudioVersion = 10.0.40219.1
Project("{FAE04EC0-301F-11D3-BF4B-00C04F79EFBC}") = "WebApplication2", "WebApplication2\WebApplication2.csproj", "{A8DD27B5-ECA2-484D-BB75-C061A5A154C5}"
EndProject
Global
	GlobalSection(SolutionConfigurationPlatforms) = preSolution
		Debug|Any CPU = Debug|Any CPU
		Release|Any CPU = Release|Any CPU
	EndGlobalSection
	GlobalSection(ProjectConfigurationPlatforms) = postSolution
		{A8DD27B5-ECA2-484D-BB75-C061A5A154C5}.Debug|Any CPU.ActiveCfg = Debug|Any CPU
		{A8DD27B5-ECA2-484D-BB75-C061A5A154C5}.Debug|Any CPU.Build.0 = Debug|Any CPU
		{A8DD27B5-ECA2-484D-BB75-C061A5A154C5}.Release|Any CPU.ActiveCfg = Release|Any CPU
		{A8DD27B5-ECA2-484D-BB75-C061A5A154C5}.Release|Any CPU.Build.0 = Release|Any CPU
	EndGlobalSection
	GlobalSection(SolutionProperties) = preSolution
		HideSolutionNode = FALSE
	EndGlobalSection
	GlobalSection(ExtensibilityGlobals) = postSolution
		SolutionGuid = {D4902FB6-88ED-4723-B589-036FA03E048E}
	EndGlobalSection
EndGlobal
